
Microsoft Visual Studio Solution File, Format Version 12.00
# Visual Studio 2012
Project("{F2A71F9B-5D33-465A-A702-920D77279786}") = "FSharpTutorial", "FSharpTutorial\FSharpTutorial.fsproj", "{0F5EA462-4B12-4529-8924-1294E7551AE5}"
EndProject
Global
	GlobalSection(SolutionConfigurationPlatforms) = preSolution
		Debug|Any CPU = Debug|Any CPU
		Release|Any CPU = Release|Any CPU
	EndGlobalSection
	GlobalSection(ProjectConfigurationPlatforms) = postSolution
		{0F5EA462-4B12-4529-8924-1294E7551AE5}.Debug|Any CPU.ActiveCfg = Debug|Any CPU
		{0F5EA462-4B12-4529-8924-1294E7551AE5}.Debug|Any CPU.Build.0 = Debug|Any CPU
		{0F5EA462-4B12-4529-8924-1294E7551AE5}.Release|Any CPU.ActiveCfg = Release|Any CPU
		{0F5EA462-4B12-4529-8924-1294E7551AE5}.Release|Any CPU.Build.0 = Release|Any CPU
	EndGlobalSection
	GlobalSection(SolutionProperties) = preSolution
		HideSolutionNode = FALSE
	EndGlobalSection
EndGlobal
